
Microsoft Visual Studio Solution File, Format Version 12.00
# Visual Studio Version 16
VisualStudioVersion = 16.0.31613.86
MinimumVisualStudioVersion = 10.0.40219.1
Project("{FAE04EC0-301F-11D3-BF4B-00C04F79EFBC}") = "Cyber", "Cyber\Cyber.csproj", "{8F7CB4A2-66C6-43FB-BB28-D96457C0C534}"
EndProject
Project("{FAE04EC0-301F-11D3-BF4B-00C04F79EFBC}") = "Equipos", "Equipos\Equipos.csproj", "{B2192930-950A-4BF0-9BC9-FAB117D872A6}"
EndProject
Project("{FAE04EC0-301F-11D3-BF4B-00C04F79EFBC}") = "Negocio", "Negocio\Negocio.csproj", "{01894F9F-2F31-40FF-8150-86CB333EC4C8}"
EndProject
Project("{FAE04EC0-301F-11D3-BF4B-00C04F79EFBC}") = "Datos", "Datos\Datos.csproj", "{5E3CA333-080B-4584-9910-E08ABD7EE2A4}"
EndProject
Global
	GlobalSection(SolutionConfigurationPlatforms) = preSolution
		Debug|Any CPU = Debug|Any CPU
		Release|Any CPU = Release|Any CPU
	EndGlobalSection
	GlobalSection(ProjectConfigurationPlatforms) = postSolution
		{8F7CB4A2-66C6-43FB-BB28-D96457C0C534}.Debug|Any CPU.ActiveCfg = Debug|Any CPU
		{8F7CB4A2-66C6-43FB-BB28-D96457C0C534}.Debug|Any CPU.Build.0 = Debug|Any CPU
		{8F7CB4A2-66C6-43FB-BB28-D96457C0C534}.Release|Any CPU.ActiveCfg = Release|Any CPU
		{8F7CB4A2-66C6-43FB-BB28-D96457C0C534}.Release|Any CPU.Build.0 = Release|Any CPU
		{B2192930-950A-4BF0-9BC9-FAB117D872A6}.Debug|Any CPU.ActiveCfg = Debug|Any CPU
		{B2192930-950A-4BF0-9BC9-FAB117D872A6}.Debug|Any CPU.Build.0 = Debug|Any CPU
		{B2192930-950A-4BF0-9BC9-FAB117D872A6}.Release|Any CPU.ActiveCfg = Release|Any CPU
		{B2192930-950A-4BF0-9BC9-FAB117D872A6}.Release|Any CPU.Build.0 = Release|Any CPU
		{01894F9F-2F31-40FF-8150-86CB333EC4C8}.Debug|Any CPU.ActiveCfg = Debug|Any CPU
		{01894F9F-2F31-40FF-8150-86CB333EC4C8}.Debug|Any CPU.Build.0 = Debug|Any CPU
		{01894F9F-2F31-40FF-8150-86CB333EC4C8}.Release|Any CPU.ActiveCfg = Release|Any CPU
		{01894F9F-2F31-40FF-8150-86CB333EC4C8}.Release|Any CPU.Build.0 = Release|Any CPU
		{5E3CA333-080B-4584-9910-E08ABD7EE2A4}.Debug|Any CPU.ActiveCfg = Debug|Any CPU
		{5E3CA333-080B-4584-9910-E08ABD7EE2A4}.Debug|Any CPU.Build.0 = Debug|Any CPU
		{5E3CA333-080B-4584-9910-E08ABD7EE2A4}.Release|Any CPU.ActiveCfg = Release|Any CPU
		{5E3CA333-080B-4584-9910-E08ABD7EE2A4}.Release|Any CPU.Build.0 = Release|Any CPU
	EndGlobalSection
	GlobalSection(SolutionProperties) = preSolution
		HideSolutionNode = FALSE
	EndGlobalSection
	GlobalSection(ExtensibilityGlobals) = postSolution
		SolutionGuid = {05D0F46E-D0C1-4208-ACC0-F2D9CDEAA5DC}
	EndGlobalSection
EndGlobal
